
Microsoft Visual Studio Solution File, Format Version 12.00
# Visual Studio Version 17
VisualStudioVersion = 17.9.34728.123
MinimumVisualStudioVersion = 10.0.40219.1
Project("{9A19103F-16F7-4668-BE54-9A1E7A4F7556}") = "ASM_NET105_BanTui", "ASM_NET105_BanTui\ASM_NET105_BanTui.csproj", "{AC5BBE54-861A-4162-9999-EEA0BA4D4435}"
EndProject
Project("{FAE04EC0-301F-11D3-BF4B-00C04F79EFBC}") = "APP_API_ASM_NET105", "APP_API_ASM_NET105\APP_API_ASM_NET105.csproj", "{16ACEDCD-822D-4553-8BAA-FBB4A5757A6C}"
EndProject
Global
	GlobalSection(SolutionConfigurationPlatforms) = preSolution
		Debug|Any CPU = Debug|Any CPU
		Release|Any CPU = Release|Any CPU
	EndGlobalSection
	GlobalSection(ProjectConfigurationPlatforms) = postSolution
		{AC5BBE54-861A-4162-9999-EEA0BA4D4435}.Debug|Any CPU.ActiveCfg = Debug|Any CPU
		{AC5BBE54-861A-4162-9999-EEA0BA4D4435}.Debug|Any CPU.Build.0 = Debug|Any CPU
		{AC5BBE54-861A-4162-9999-EEA0BA4D4435}.Release|Any CPU.ActiveCfg = Release|Any CPU
		{AC5BBE54-861A-4162-9999-EEA0BA4D4435}.Release|Any CPU.Build.0 = Release|Any CPU
		{16ACEDCD-822D-4553-8BAA-FBB4A5757A6C}.Debug|Any CPU.ActiveCfg = Debug|Any CPU
		{16ACEDCD-822D-4553-8BAA-FBB4A5757A6C}.Debug|Any CPU.Build.0 = Debug|Any CPU
		{16ACEDCD-822D-4553-8BAA-FBB4A5757A6C}.Release|Any CPU.ActiveCfg = Release|Any CPU
		{16ACEDCD-822D-4553-8BAA-FBB4A5757A6C}.Release|Any CPU.Build.0 = Release|Any CPU
	EndGlobalSection
	GlobalSection(SolutionProperties) = preSolution
		HideSolutionNode = FALSE
	EndGlobalSection
	GlobalSection(ExtensibilityGlobals) = postSolution
		SolutionGuid = {921AFB67-6078-402D-91E3-0FED3FD5D3D5}
	EndGlobalSection
EndGlobal
